
Microsoft Visual Studio Solution File, Format Version 12.00
# Visual Studio Version 16
VisualStudioVersion = 16.0.29306.81
MinimumVisualStudioVersion = 10.0.40219.1
Project("{D954291E-2A0B-460D-934E-DC6B0785DB48}") = "WPF_Lessons", "WPF_Lessons\WPF_Lessons.shproj", "{8C679DFF-BEBD-4A53-9BB5-8C9B4DAC413B}"
EndProject
Project("{2150E333-8FDC-42A3-9474-1A3956D46DE8}") = "Lesson6", "Lesson6", "{AA0F8A61-0994-4174-ADA3-34CB743650B2}"
EndProject
Project("{2150E333-8FDC-42A3-9474-1A3956D46DE8}") = "Work1", "Work1", "{D525E483-A7A6-49E7-9309-E6D04616A0DB}"
EndProject
Project("{FAE04EC0-301F-11D3-BF4B-00C04F79EFBC}") = "Label", "Label\Label.csproj", "{9B9E9295-A756-431D-A106-8F7B8AC180E1}"
EndProject
Project("{2150E333-8FDC-42A3-9474-1A3956D46DE8}") = "Work2", "Work2", "{8DA08E41-6213-4A3D-BCB3-4E41352D1175}"
EndProject
Project("{FAE04EC0-301F-11D3-BF4B-00C04F79EFBC}") = "TextBox", "TextBox\TextBox.csproj", "{66818958-2DA7-450B-AB6A-1FAC6BFDAAA1}"
EndProject
Project("{2150E333-8FDC-42A3-9474-1A3956D46DE8}") = "Work3", "Work3", "{3B066187-7A3A-44FE-BA47-5EAA1AD0B550}"
EndProject
Project("{FAE04EC0-301F-11D3-BF4B-00C04F79EFBC}") = "CheckBoxList", "CheckBoxList\CheckBoxList.csproj", "{7587BD5D-1F28-45CE-AD49-F1B8B5635A7C}"
EndProject
Project("{2150E333-8FDC-42A3-9474-1A3956D46DE8}") = "Practicum", "Practicum", "{464CBF70-0503-4F26-BAB0-C6B1CC65EF06}"
EndProject
Project("{FAE04EC0-301F-11D3-BF4B-00C04F79EFBC}") = "Label1_pract", "Label1_pract\Label1_pract.csproj", "{7AD7611E-14B2-492C-AB42-67227B7165C2}"
EndProject
Project("{2150E333-8FDC-42A3-9474-1A3956D46DE8}") = "Lesson1", "Lesson1", "{EC401E5D-8F4C-43E9-A74F-CAB758D28C55}"
EndProject
Project("{2150E333-8FDC-42A3-9474-1A3956D46DE8}") = "Work1", "Work1", "{8D89B3DB-774E-47A9-B360-7A07E9164F55}"
EndProject
Project("{FAE04EC0-301F-11D3-BF4B-00C04F79EFBC}") = "PropertiesInMarkUp", "PropertiesInMarkUp\PropertiesInMarkUp.csproj", "{929CF6FC-D433-47A2-8B7F-7B5CF484A4A2}"
EndProject
Project("{2150E333-8FDC-42A3-9474-1A3956D46DE8}") = "Work2", "Work2", "{0530A375-C5AD-48E0-80A7-517681621CB2}"
EndProject
Project("{FAE04EC0-301F-11D3-BF4B-00C04F79EFBC}") = "EventsInMarkup", "EventsInMarkup\EventsInMarkup.csproj", "{5962FA2D-1AA0-4578-9B4F-F38B5B858812}"
EndProject
Project("{2150E333-8FDC-42A3-9474-1A3956D46DE8}") = "Lesson5", "Lesson5", "{31C6ED23-7131-4B1D-B7E9-CC34DCF23B43}"
EndProject
Project("{2150E333-8FDC-42A3-9474-1A3956D46DE8}") = "Work1", "Work1", "{A253576E-A47D-420C-879A-3BAB6EB1E01D}"
EndProject
Project("{FAE04EC0-301F-11D3-BF4B-00C04F79EFBC}") = "WPF_Dependency", "WPF_Dependency\WPF_Dependency.csproj", "{1CF69D9C-9B9C-41AE-A6DF-03455B47A447}"
EndProject
Global
	GlobalSection(SharedMSBuildProjectFiles) = preSolution
		WPF_Lessons\WPF_Lessons.projitems*{8c679dff-bebd-4a53-9bb5-8c9b4dac413b}*SharedItemsImports = 13
	EndGlobalSection
	GlobalSection(SolutionConfigurationPlatforms) = preSolution
		Debug|Any CPU = Debug|Any CPU
		Release|Any CPU = Release|Any CPU
	EndGlobalSection
	GlobalSection(ProjectConfigurationPlatforms) = postSolution
		{9B9E9295-A756-431D-A106-8F7B8AC180E1}.Debug|Any CPU.ActiveCfg = Debug|Any CPU
		{9B9E9295-A756-431D-A106-8F7B8AC180E1}.Debug|Any CPU.Build.0 = Debug|Any CPU
		{9B9E9295-A756-431D-A106-8F7B8AC180E1}.Release|Any CPU.ActiveCfg = Release|Any CPU
		{9B9E9295-A756-431D-A106-8F7B8AC180E1}.Release|Any CPU.Build.0 = Release|Any CPU
		{66818958-2DA7-450B-AB6A-1FAC6BFDAAA1}.Debug|Any CPU.ActiveCfg = Debug|Any CPU
		{66818958-2DA7-450B-AB6A-1FAC6BFDAAA1}.Debug|Any CPU.Build.0 = Debug|Any CPU
		{66818958-2DA7-450B-AB6A-1FAC6BFDAAA1}.Release|Any CPU.ActiveCfg = Release|Any CPU
		{66818958-2DA7-450B-AB6A-1FAC6BFDAAA1}.Release|Any CPU.Build.0 = Release|Any CPU
		{7587BD5D-1F28-45CE-AD49-F1B8B5635A7C}.Debug|Any CPU.ActiveCfg = Debug|Any CPU
		{7587BD5D-1F28-45CE-AD49-F1B8B5635A7C}.Debug|Any CPU.Build.0 = Debug|Any CPU
		{7587BD5D-1F28-45CE-AD49-F1B8B5635A7C}.Release|Any CPU.ActiveCfg = Release|Any CPU
		{7587BD5D-1F28-45CE-AD49-F1B8B5635A7C}.Release|Any CPU.Build.0 = Release|Any CPU
		{7AD7611E-14B2-492C-AB42-67227B7165C2}.Debug|Any CPU.ActiveCfg = Debug|Any CPU
		{7AD7611E-14B2-492C-AB42-67227B7165C2}.Debug|Any CPU.Build.0 = Debug|Any CPU
		{7AD7611E-14B2-492C-AB42-67227B7165C2}.Release|Any CPU.ActiveCfg = Release|Any CPU
		{7AD7611E-14B2-492C-AB42-67227B7165C2}.Release|Any CPU.Build.0 = Release|Any CPU
		{929CF6FC-D433-47A2-8B7F-7B5CF484A4A2}.Debug|Any CPU.ActiveCfg = Debug|Any CPU
		{929CF6FC-D433-47A2-8B7F-7B5CF484A4A2}.Debug|Any CPU.Build.0 = Debug|Any CPU
		{929CF6FC-D433-47A2-8B7F-7B5CF484A4A2}.Release|Any CPU.ActiveCfg = Release|Any CPU
		{929CF6FC-D433-47A2-8B7F-7B5CF484A4A2}.Release|Any CPU.Build.0 = Release|Any CPU
		{5962FA2D-1AA0-4578-9B4F-F38B5B858812}.Debug|Any CPU.ActiveCfg = Debug|Any CPU
		{5962FA2D-1AA0-4578-9B4F-F38B5B858812}.Debug|Any CPU.Build.0 = Debug|Any CPU
		{5962FA2D-1AA0-4578-9B4F-F38B5B858812}.Release|Any CPU.ActiveCfg = Release|Any CPU
		{5962FA2D-1AA0-4578-9B4F-F38B5B858812}.Release|Any CPU.Build.0 = Release|Any CPU
		{1CF69D9C-9B9C-41AE-A6DF-03455B47A447}.Debug|Any CPU.ActiveCfg = Debug|Any CPU
		{1CF69D9C-9B9C-41AE-A6DF-03455B47A447}.Debug|Any CPU.Build.0 = Debug|Any CPU
		{1CF69D9C-9B9C-41AE-A6DF-03455B47A447}.Release|Any CPU.ActiveCfg = Release|Any CPU
		{1CF69D9C-9B9C-41AE-A6DF-03455B47A447}.Release|Any CPU.Build.0 = Release|Any CPU
	EndGlobalSection
	GlobalSection(SolutionProperties) = preSolution
		HideSolutionNode = FALSE
	EndGlobalSection
	GlobalSection(NestedProjects) = preSolution
		{D525E483-A7A6-49E7-9309-E6D04616A0DB} = {AA0F8A61-0994-4174-ADA3-34CB743650B2}
		{9B9E9295-A756-431D-A106-8F7B8AC180E1} = {D525E483-A7A6-49E7-9309-E6D04616A0DB}
		{8DA08E41-6213-4A3D-BCB3-4E41352D1175} = {AA0F8A61-0994-4174-ADA3-34CB743650B2}
		{66818958-2DA7-450B-AB6A-1FAC6BFDAAA1} = {8DA08E41-6213-4A3D-BCB3-4E41352D1175}
		{3B066187-7A3A-44FE-BA47-5EAA1AD0B550} = {AA0F8A61-0994-4174-ADA3-34CB743650B2}
		{7587BD5D-1F28-45CE-AD49-F1B8B5635A7C} = {3B066187-7A3A-44FE-BA47-5EAA1AD0B550}
		{464CBF70-0503-4F26-BAB0-C6B1CC65EF06} = {D525E483-A7A6-49E7-9309-E6D04616A0DB}
		{7AD7611E-14B2-492C-AB42-67227B7165C2} = {464CBF70-0503-4F26-BAB0-C6B1CC65EF06}
		{8D89B3DB-774E-47A9-B360-7A07E9164F55} = {EC401E5D-8F4C-43E9-A74F-CAB758D28C55}
		{929CF6FC-D433-47A2-8B7F-7B5CF484A4A2} = {8D89B3DB-774E-47A9-B360-7A07E9164F55}
		{0530A375-C5AD-48E0-80A7-517681621CB2} = {EC401E5D-8F4C-43E9-A74F-CAB758D28C55}
		{5962FA2D-1AA0-4578-9B4F-F38B5B858812} = {0530A375-C5AD-48E0-80A7-517681621CB2}
		{A253576E-A47D-420C-879A-3BAB6EB1E01D} = {31C6ED23-7131-4B1D-B7E9-CC34DCF23B43}
		{1CF69D9C-9B9C-41AE-A6DF-03455B47A447} = {A253576E-A47D-420C-879A-3BAB6EB1E01D}
	EndGlobalSection
	GlobalSection(ExtensibilityGlobals) = postSolution
		SolutionGuid = {2EB065B0-E190-4679-BC09-D97636F2865E}
	EndGlobalSection
EndGlobal
